
Microsoft Visual Studio Solution File, Format Version 12.00
# Visual Studio Version 16
VisualStudioVersion = 16.0.30320.27
MinimumVisualStudioVersion = 10.0.40219.1
Project("{FAE04EC0-301F-11D3-BF4B-00C04F79EFBC}") = "ConsoleApp1", "ConsoleApp1\ConsoleApp1.csproj", "{D8A6EF59-483D-40AD-89CD-4A2DDB278B89}"
EndProject
Global
	GlobalSection(SolutionConfigurationPlatforms) = preSolution
		Debug|Any CPU = Debug|Any CPU
		Release|Any CPU = Release|Any CPU
	EndGlobalSection
	GlobalSection(ProjectConfigurationPlatforms) = postSolution
		{D8A6EF59-483D-40AD-89CD-4A2DDB278B89}.Debug|Any CPU.ActiveCfg = Debug|Any CPU
		{D8A6EF59-483D-40AD-89CD-4A2DDB278B89}.Debug|Any CPU.Build.0 = Debug|Any CPU
		{D8A6EF59-483D-40AD-89CD-4A2DDB278B89}.Release|Any CPU.ActiveCfg = Release|Any CPU
		{D8A6EF59-483D-40AD-89CD-4A2DDB278B89}.Release|Any CPU.Build.0 = Release|Any CPU
	EndGlobalSection
	GlobalSection(SolutionProperties) = preSolution
		HideSolutionNode = FALSE
	EndGlobalSection
	GlobalSection(ExtensibilityGlobals) = postSolution
		SolutionGuid = {1D5693D0-3F14-4936-A17D-7456F203BA7B}
	EndGlobalSection
EndGlobal
